
Microsoft Visual Studio Solution File, Format Version 12.00
# Visual Studio Version 16
VisualStudioVersion = 16.0.32602.291
MinimumVisualStudioVersion = 10.0.40219.1
Project("{FAE04EC0-301F-11D3-BF4B-00C04F79EFBC}") = "FilterIIRTestApp", "FilterIIRTestApp\FilterIIRTestApp.csproj", "{4C633B71-46B7-475A-863E-957E6D006AB2}"
EndProject
Global
	GlobalSection(SolutionConfigurationPlatforms) = preSolution
		Debug|Any CPU = Debug|Any CPU
		Release|Any CPU = Release|Any CPU
	EndGlobalSection
	GlobalSection(ProjectConfigurationPlatforms) = postSolution
		{4C633B71-46B7-475A-863E-957E6D006AB2}.Debug|Any CPU.ActiveCfg = Debug|Any CPU
		{4C633B71-46B7-475A-863E-957E6D006AB2}.Debug|Any CPU.Build.0 = Debug|Any CPU
		{4C633B71-46B7-475A-863E-957E6D006AB2}.Release|Any CPU.ActiveCfg = Release|Any CPU
		{4C633B71-46B7-475A-863E-957E6D006AB2}.Release|Any CPU.Build.0 = Release|Any CPU
	EndGlobalSection
	GlobalSection(SolutionProperties) = preSolution
		HideSolutionNode = FALSE
	EndGlobalSection
	GlobalSection(ExtensibilityGlobals) = postSolution
		SolutionGuid = {D632B628-FD2E-4194-8287-72B6A82F5CA2}
	EndGlobalSection
EndGlobal
